
Microsoft Visual Studio Solution File, Format Version 12.00
# Visual Studio 15
VisualStudioVersion = 15.0.28307.106
MinimumVisualStudioVersion = 10.0.40219.1
Project("{9A19103F-16F7-4668-BE54-9A1E7A4F7556}") = "BookAPI", "BookAPI\BookAPI.csproj", "{0532210C-0489-4F68-95BF-AB64FEEABD40}"
EndProject
Project("{9A19103F-16F7-4668-BE54-9A1E7A4F7556}") = "Books", "..\Books\BookAPI\Books.csproj", "{F619999B-B595-45D1-9800-066F6ECAC43A}"
EndProject
Project("{9A19103F-16F7-4668-BE54-9A1E7A4F7556}") = "BookWeb", "BookWeb\BookWeb.csproj", "{E2CA4B9F-A959-4DCA-9E73-18E33A9086CA}"
EndProject
Global
	GlobalSection(SolutionConfigurationPlatforms) = preSolution
		Debug|Any CPU = Debug|Any CPU
		Release|Any CPU = Release|Any CPU
	EndGlobalSection
	GlobalSection(ProjectConfigurationPlatforms) = postSolution
		{0532210C-0489-4F68-95BF-AB64FEEABD40}.Debug|Any CPU.ActiveCfg = Debug|Any CPU
		{0532210C-0489-4F68-95BF-AB64FEEABD40}.Debug|Any CPU.Build.0 = Debug|Any CPU
		{0532210C-0489-4F68-95BF-AB64FEEABD40}.Release|Any CPU.ActiveCfg = Release|Any CPU
		{0532210C-0489-4F68-95BF-AB64FEEABD40}.Release|Any CPU.Build.0 = Release|Any CPU
		{F619999B-B595-45D1-9800-066F6ECAC43A}.Debug|Any CPU.ActiveCfg = Debug|Any CPU
		{F619999B-B595-45D1-9800-066F6ECAC43A}.Debug|Any CPU.Build.0 = Debug|Any CPU
		{F619999B-B595-45D1-9800-066F6ECAC43A}.Release|Any CPU.ActiveCfg = Release|Any CPU
		{F619999B-B595-45D1-9800-066F6ECAC43A}.Release|Any CPU.Build.0 = Release|Any CPU
		{E2CA4B9F-A959-4DCA-9E73-18E33A9086CA}.Debug|Any CPU.ActiveCfg = Debug|Any CPU
		{E2CA4B9F-A959-4DCA-9E73-18E33A9086CA}.Debug|Any CPU.Build.0 = Debug|Any CPU
		{E2CA4B9F-A959-4DCA-9E73-18E33A9086CA}.Release|Any CPU.ActiveCfg = Release|Any CPU
		{E2CA4B9F-A959-4DCA-9E73-18E33A9086CA}.Release|Any CPU.Build.0 = Release|Any CPU
	EndGlobalSection
	GlobalSection(SolutionProperties) = preSolution
		HideSolutionNode = FALSE
	EndGlobalSection
	GlobalSection(ExtensibilityGlobals) = postSolution
		SolutionGuid = {5AC14917-680B-4DE2-8261-898F1B89AE80}
	EndGlobalSection
EndGlobal
